Microsoft Visual Studio Solution File, Format Version 12.00
# Visual Studio Version 17
VisualStudioVersion = 17.5.2.0
MinimumVisualStudioVersion = 10.0.40219.1
Project("{FAE04EC0-301F-11D3-BF4B-00C04F79EFBC}") = "snake-algorithm", "snake-algorithm.csproj", "{E492B666-FE80-ED10-B255-8D2EC77702C6}"
EndProject
Global
	GlobalSection(SolutionConfigurationPlatforms) = preSolution
		Debug|Any CPU = Debug|Any CPU
		Release|Any CPU = Release|Any CPU
	EndGlobalSection
	GlobalSection(ProjectConfigurationPlatforms) = postSolution
		{E492B666-FE80-ED10-B255-8D2EC77702C6}.Debug|Any CPU.ActiveCfg = Debug|Any CPU
		{E492B666-FE80-ED10-B255-8D2EC77702C6}.Debug|Any CPU.Build.0 = Debug|Any CPU
		{E492B666-FE80-ED10-B255-8D2EC77702C6}.Release|Any CPU.ActiveCfg = Release|Any CPU
		{E492B666-FE80-ED10-B255-8D2EC77702C6}.Release|Any CPU.Build.0 = Release|Any CPU
	EndGlobalSection
	GlobalSection(SolutionProperties) = preSolution
		HideSolutionNode = FALSE
	EndGlobalSection
	GlobalSection(ExtensibilityGlobals) = postSolution
		SolutionGuid = {0B0B4222-3D8E-4D4A-A21B-8CD39356C95A}
	EndGlobalSection
EndGlobal
